PODS:
  - RxCocoa (5.1.3):
    - RxRelay (~> 5)
    - RxSwift (~> 5)
  - RxRelay (5.1.3):
    - RxSwift (~> 5)
  - RxSwift (5.1.3)
  - SFPod (0.1.0):
    - RxCocoa (~> 5.0)
    - RxSwift (~> 5.0)
    - SnapKit
  - SnapKit (4.2.0)

DEPENDENCIES:
  - RxCocoa (~> 5.0)
  - RxSwift (~> 5.0)
  - SFPod (from `../`)
  - SnapKit

SPEC REPOS:
  trunk:
    - RxCocoa
    - RxRelay
    - RxSwift
    - SnapKit

EXTERNAL SOURCES:
  SFPod:
    :path: "../"

SPEC CHECKSUMS:
  RxCocoa: e2ed092d5432e4296aa818021d27de4090ac0354
  RxRelay: 5a18c2eb2d68326ebaf0112f80d837ae41b92b97
  RxSwift: 915abbdfb62214aa89ccd0b194d44fb478019b27
  SFPod: efd7f8a689deace1dd4bcdf6dbcb8b5aab9bde74
  SnapKit: fe8a619752f3f27075cc9a90244d75c6c3f27e2a

PODFILE CHECKSUM: 7a76f32b615d15b8a9d0e9ed687a1f0b03b2c680

COCOAPODS: 1.10.1
